# This file is automatically @generated by Cargo.
# It is not intended for manual editing.
[[package]]
name = "assert_matches"
version = "1.3.0"
source = "registry+https://github.com/rust-lang/crates.io-index"

[[package]]
name = "byteorder"
version = "1.3.1"
source = "registry+https://github.com/rust-lang/crates.io-index"

[[package]]
name = "memory_units"
version = "0.3.0"
source = "registry+https://github.com/rust-lang/crates.io-index"

[[package]]
name = "nan-preserving-float"
version = "0.1.0"
source = "registry+https://github.com/rust-lang/crates.io-index"

[[package]]
name = "swasm"
version = "0.31.3"
source = "registry+https://github.com/rust-lang/crates.io-index"
dependencies = [
 "byteorder 1.3.1 (registry+https://github.com/rust-lang/crates.io-index)",
]

[[package]]
name = "swasmi"
version = "0.3.0"
dependencies = [
 "assert_matches 1.3.0 (registry+https://github.com/rust-lang/crates.io-index)",
 "byteorder 1.3.1 (registry+https://github.com/rust-lang/crates.io-index)",
 "memory_units 0.3.0 (registry+https://github.com/rust-lang/crates.io-index)",
 "nan-preserving-float 0.1.0 (registry+https://github.com/rust-lang/crates.io-index)",
 "swasm 0.31.3 (registry+https://github.com/rust-lang/crates.io-index)",
]

[metadata]
"checksum assert_matches 1.3.0 (registry+https://github.com/rust-lang/crates.io-index)" = "7deb0a829ca7bcfaf5da70b073a8d128619259a7be8216a355e23f00763059e5"
"checksum byteorder 1.3.1 (registry+https://github.com/rust-lang/crates.io-index)" = "a019b10a2a7cdeb292db131fc8113e57ea2a908f6e7894b0c3c671893b65dbeb"
"checksum memory_units 0.3.0 (registry+https://github.com/rust-lang/crates.io-index)" = "71d96e3f3c0b6325d8ccd83c33b28acb183edcb6c67938ba104ec546854b0882"
"checksum nan-preserving-float 0.1.0 (registry+https://github.com/rust-lang/crates.io-index)" = "34d4f00fcc2f4c9efa8cc971db0da9e28290e28e97af47585e48691ef10ff31f"
"checksum swasm 0.31.3 (registry+https://github.com/rust-lang/crates.io-index)" = "b5401293f3eaa7fa06500094a2f692dec9db0dffdf3c09c79c043e6df3ec2cdd"
